// !$*UTF8*$!
{
	archiveVersion = 1;
	classes = {
	};
	objectVersion = 46;
	objects = {

/* Begin PBXBuildFile section */
		BAC47DF81C6C09D200F8E005 /* main.m in Sources */ = {isa = PBXBuildFile; fileRef = BAC47DF71C6C09D200F8E005 /* main.m */; };
		BAC47DFB1C6C09D200F8E005 /* AppDelegate.m in Sources */ = {isa = PBXBuildFile; fileRef = BAC47DFA1C6C09D200F8E005 /* AppDelegate.m */; };
		BAC47E011C6C09D200F8E005 /* Main.storyboard in Resources */ = {isa = PBXBuildFile; fileRef = BAC47DFF1C6C09D200F8E005 /* Main.storyboard */; };
		BAC47E031C6C09D200F8E005 /* Assets.xcassets in Resources */ = {isa = PBXBuildFile; fileRef = BAC47E021C6C09D200F8E005 /* Assets.xcassets */; };
		BAC47E061C6C09D200F8E005 /* LaunchScreen.storyboard in Resources */ = {isa = PBXBuildFile; fileRef = BAC47E041C6C09D200F8E005 /* LaunchScreen.storyboard */; };
		BAC47E2C1C6C978700F8E005 /* InitialViewController.m in Sources */ = {isa = PBXBuildFile; fileRef = BAC47E2B1C6C978700F8E005 /* InitialViewController.m */; };
		BAC47E2F1C6C979600F8E005 /* AboutViewController.m in Sources */ = {isa = PBXBuildFile; fileRef = BAC47E2E1C6C979600F8E005 /* AboutViewController.m */; };
		BAC47E321C6C97B600F8E005 /* OptionsViewController.m in Sources */ = {isa = PBXBuildFile; fileRef = BAC47E311C6C97B600F8E005 /* OptionsViewController.m */; };
		BAC47E351C6C97CD00F8E005 /* MenuViewController.m in Sources */ = {isa = PBXBuildFile; fileRef = BAC47E341C6C97CD00F8E005 /* MenuViewController.m */; };
		BAC47E381C6C97F900F8E005 /* NavigationExampleViewController.m in Sources */ = {isa = PBXBuildFile; fileRef = BAC47E371C6C97F900F8E005 /* NavigationExampleViewController.m */; };
		BAC47E3B1C6C98BD00F8E005 /* ElasticShapeLayer.m in Sources */ = {isa = PBXBuildFile; fileRef = BAC47E3A1C6C98BD00F8E005 /* ElasticShapeLayer.m */; };
		BAC47E3E1C6C98F000F8E005 /* EdgePanTransition.m in Sources */ = {isa = PBXBuildFile; fileRef = BAC47E3D1C6C98F000F8E005 /* EdgePanTransition.m */; };
		BAC47E441C6C999900F8E005 /* ElasticTransition.m in Sources */ = {isa = PBXBuildFile; fileRef = BAC47E431C6C999900F8E005 /* ElasticTransition.m */; };
		BAC47E481C6CA24E00F8E005 /* Edge.m in Sources */ = {isa = PBXBuildFile; fileRef = BAC47E471C6CA24E00F8E005 /* Edge.m */; };
/* End PBXBuildFile section */

/* Begin PBXFileReference section */
		BAC47DF31C6C09D200F8E005 /* ElasticTransistionExample.app */ = {isa = PBXFileReference; explicitFileType = wrapper.application; includeInIndex = 0; path = ElasticTransistionExample.app; sourceTree = BUILT_PRODUCTS_DIR; };
		BAC47DF71C6C09D200F8E005 /* main.m */ = {isa = PBXFileReference; lastKnownFileType = sourcecode.c.objc; path = main.m; sourceTree = "<group>"; };
		BAC47DF91C6C09D200F8E005 /* AppDelegate.h */ = {isa = PBXFileReference; lastKnownFileType = sourcecode.c.h; path = AppDelegate.h; sourceTree = "<group>"; };
		BAC47DFA1C6C09D200F8E005 /* AppDelegate.m */ = {isa = PBXFileReference; lastKnownFileType = sourcecode.c.objc; path = AppDelegate.m; sourceTree = "<group>"; };
		BAC47E001C6C09D200F8E005 /* Base */ = {isa = PBXFileReference; lastKnownFileType = file.storyboard; name = Base; path = Base.lproj/Main.storyboard; sourceTree = "<group>"; };
		BAC47E021C6C09D200F8E005 /* Assets.xcassets */ = {isa = PBXFileReference; lastKnownFileType = folder.assetcatalog; path = Assets.xcassets; sourceTree = "<group>"; };
		BAC47E051C6C09D200F8E005 /* Base */ = {isa = PBXFileReference; lastKnownFileType = file.storyboard; name = Base; path = Base.lproj/LaunchScreen.storyboard; sourceTree = "<group>"; };
		BAC47E071C6C09D200F8E005 /* Info.plist */ = {isa = PBXFileReference; lastKnownFileType = text.plist.xml; path = Info.plist; sourceTree = "<group>"; };
		BAC47E2A1C6C978700F8E005 /* InitialViewController.h */ = {isa = PBXFileReference; fileEncoding = 4; lastKnownFileType = sourcecode.c.h; path = InitialViewController.h; sourceTree = "<group>"; };
		BAC47E2B1C6C978700F8E005 /* InitialViewController.m */ = {isa = PBXFileReference; fileEncoding = 4; lastKnownFileType = sourcecode.c.objc; path = InitialViewController.m; sourceTree = "<group>"; };
		BAC47E2D1C6C979600F8E005 /* AboutViewController.h */ = {isa = PBXFileReference; fileEncoding = 4; lastKnownFileType = sourcecode.c.h; path = AboutViewController.h; sourceTree = "<group>"; };
		BAC47E2E1C6C979600F8E005 /* AboutViewController.m */ = {isa = PBXFileReference; fileEncoding = 4; lastKnownFileType = sourcecode.c.objc; path = AboutViewController.m; sourceTree = "<group>"; };
		BAC47E301C6C97B600F8E005 /* OptionsViewController.h */ = {isa = PBXFileReference; fileEncoding = 4; lastKnownFileType = sourcecode.c.h; path = OptionsViewController.h; sourceTree = "<group>"; };
		BAC47E311C6C97B600F8E005 /* OptionsViewController.m */ = {isa = PBXFileReference; fileEncoding = 4; lastKnownFileType = sourcecode.c.objc; path = OptionsViewController.m; sourceTree = "<group>"; };
		BAC47E331C6C97CD00F8E005 /* MenuViewController.h */ = {isa = PBXFileReference; fileEncoding = 4; lastKnownFileType = sourcecode.c.h; path = MenuViewController.h; sourceTree = "<group>"; };
		BAC47E341C6C97CD00F8E005 /* MenuViewController.m */ = {isa = PBXFileReference; fileEncoding = 4; lastKnownFileType = sourcecode.c.objc; path = MenuViewController.m; sourceTree = "<group>"; };
		BAC47E361C6C97F900F8E005 /* NavigationExampleViewController.h */ = {isa = PBXFileReference; fileEncoding = 4; lastKnownFileType = sourcecode.c.h; path = NavigationExampleViewController.h; sourceTree = "<group>"; };
		BAC47E371C6C97F900F8E005 /* NavigationExampleViewController.m */ = {isa = PBXFileReference; fileEncoding = 4; lastKnownFileType = sourcecode.c.objc; path = NavigationExampleViewController.m; sourceTree = "<group>"; };
		BAC47E391C6C98BD00F8E005 /* ElasticShapeLayer.h */ = {isa = PBXFileReference; fileEncoding = 4; lastKnownFileType = sourcecode.c.h; name = ElasticShapeLayer.h; path = ElasticTransition/ElasticShapeLayer.h; sourceTree = SOURCE_ROOT; };
		BAC47E3A1C6C98BD00F8E005 /* ElasticShapeLayer.m */ = {isa = PBXFileReference; fileEncoding = 4; lastKnownFileType = sourcecode.c.objc; name = ElasticShapeLayer.m; path = ElasticTransition/ElasticShapeLayer.m; sourceTree = SOURCE_ROOT; };
		BAC47E3C1C6C98F000F8E005 /* EdgePanTransition.h */ = {isa = PBXFileReference; fileEncoding = 4; lastKnownFileType = sourcecode.c.h; name = EdgePanTransition.h; path = ElasticTransition/EdgePanTransition.h; sourceTree = SOURCE_ROOT; };
		BAC47E3D1C6C98F000F8E005 /* EdgePanTransition.m */ = {isa = PBXFileReference; fileEncoding = 4; lastKnownFileType = sourcecode.c.objc; name = EdgePanTransition.m; path = ElasticTransition/EdgePanTransition.m; sourceTree = SOURCE_ROOT; };
		BAC47E421C6C999900F8E005 /* ElasticTransition.h */ = {isa = PBXFileReference; fileEncoding = 4; lastKnownFileType = sourcecode.c.h; name = ElasticTransition.h; path = ElasticTransition/ElasticTransition.h; sourceTree = SOURCE_ROOT; };
		BAC47E431C6C999900F8E005 /* ElasticTransition.m */ = {isa = PBXFileReference; fileEncoding = 4; lastKnownFileType = sourcecode.c.objc; name = ElasticTransition.m; path = ElasticTransition/ElasticTransition.m; sourceTree = SOURCE_ROOT; };
		BAC47E461C6CA24E00F8E005 /* Edge.h */ = {isa = PBXFileReference; fileEncoding = 4; lastKnownFileType = sourcecode.c.h; name = Edge.h; path = ElasticTransition/Utils/Edge.h; sourceTree = SOURCE_ROOT; };
		BAC47E471C6CA24E00F8E005 /* Edge.m */ = {isa = PBXFileReference; fileEncoding = 4; lastKnownFileType = sourcecode.c.objc; name = Edge.m; path = ElasticTransition/Utils/Edge.m; sourceTree = SOURCE_ROOT; };
		BAC47E491C6CA63E00F8E005 /* Utils.h */ = {isa = PBXFileReference; lastKnownFileType = sourcecode.c.h; name = Utils.h; path = ElasticTransition/Utils/Utils.h; sourceTree = SOURCE_ROOT; };
		BAC47E4A1C6CA88600F8E005 /* PointExtension.h */ = {isa = PBXFileReference; lastKnownFileType = sourcecode.c.h; name = PointExtension.h; path = ElasticTransition/Utils/PointExtension.h; sourceTree = SOURCE_ROOT; };
/* End PBXFileReference section */

/* Begin PBXFrameworksBuildPhase section */
		BAC47DF01C6C09D200F8E005 /* Frameworks */ = {
			isa = PBXFrameworksBuildPhase;
			buildActionMask = 2147483647;
			files = (
			);
			runOnlyForDeploymentPostprocessing = 0;
		};
/* End PBXFrameworksBuildPhase section */

/* Begin PBXGroup section */
		BAC47DEA1C6C09D200F8E005 = {
			isa = PBXGroup;
			children = (
				BAC47DF51C6C09D200F8E005 /* ElasticTransistionExample */,
				BAC47DF41C6C09D200F8E005 /* Products */,
			);
			sourceTree = "<group>";
		};
		BAC47DF41C6C09D200F8E005 /* Products */ = {
			isa = PBXGroup;
			children = (
				BAC47DF31C6C09D200F8E005 /* ElasticTransistionExample.app */,
			);
			name = Products;
			sourceTree = "<group>";
		};
		BAC47DF51C6C09D200F8E005 /* ElasticTransistionExample */ = {
			isa = PBXGroup;
			children = (
				BAC47E291C6C0D3400F8E005 /* ElasticTransition */,
				BAC47DF91C6C09D200F8E005 /* AppDelegate.h */,
				BAC47DFA1C6C09D200F8E005 /* AppDelegate.m */,
				BAC47E2A1C6C978700F8E005 /* InitialViewController.h */,
				BAC47E2B1C6C978700F8E005 /* InitialViewController.m */,
				BAC47E2D1C6C979600F8E005 /* AboutViewController.h */,
				BAC47E2E1C6C979600F8E005 /* AboutViewController.m */,
				BAC47E301C6C97B600F8E005 /* OptionsViewController.h */,
				BAC47E311C6C97B600F8E005 /* OptionsViewController.m */,
				BAC47E331C6C97CD00F8E005 /* MenuViewController.h */,
				BAC47E341C6C97CD00F8E005 /* MenuViewController.m */,
				BAC47E361C6C97F900F8E005 /* NavigationExampleViewController.h */,
				BAC47E371C6C97F900F8E005 /* NavigationExampleViewController.m */,
				BAC47DFF1C6C09D200F8E005 /* Main.storyboard */,
				BAC47E021C6C09D200F8E005 /* Assets.xcassets */,
				BAC47E041C6C09D200F8E005 /* LaunchScreen.storyboard */,
				BAC47E071C6C09D200F8E005 /* Info.plist */,
				BAC47DF61C6C09D200F8E005 /* Supporting Files */,
			);
			path = ElasticTransistionExample;
			sourceTree = "<group>";
		};
		BAC47DF61C6C09D200F8E005 /* Supporting Files */ = {
			isa = PBXGroup;
			children = (
				BAC47DF71C6C09D200F8E005 /* main.m */,
			);
			name = "Supporting Files";
			sourceTree = "<group>";
		};
		BAC47E291C6C0D3400F8E005 /* ElasticTransition */ = {
			isa = PBXGroup;
			children = (
				BAC47E451C6CA22500F8E005 /* Utils */,
				BAC47E391C6C98BD00F8E005 /* ElasticShapeLayer.h */,
				BAC47E3A1C6C98BD00F8E005 /* ElasticShapeLayer.m */,
				BAC47E421C6C999900F8E005 /* ElasticTransition.h */,
				BAC47E431C6C999900F8E005 /* ElasticTransition.m */,
				BAC47E3C1C6C98F000F8E005 /* EdgePanTransition.h */,
				BAC47E3D1C6C98F000F8E005 /* EdgePanTransition.m */,
			);
			name = ElasticTransition;
			sourceTree = "<group>";
		};
		BAC47E451C6CA22500F8E005 /* Utils */ = {
			isa = PBXGroup;
			children = (
				BAC47E491C6CA63E00F8E005 /* Utils.h */,
				BAC47E461C6CA24E00F8E005 /* Edge.h */,
				BAC47E471C6CA24E00F8E005 /* Edge.m */,
				BAC47E4A1C6CA88600F8E005 /* PointExtension.h */,
			);
			name = Utils;
			sourceTree = "<group>";
		};
/* End PBXGroup section */

/* Begin PBXNativeTarget section */
		BAC47DF21C6C09D200F8E005 /* ElasticTransistionExample */ = {
			isa = PBXNativeTarget;
			buildConfigurationList = BAC47E201C6C09D200F8E005 /* Build configuration list for PBXNativeTarget "ElasticTransistionExample" */;
			buildPhases = (
				BAC47DEF1C6C09D200F8E005 /* Sources */,
				BAC47DF01C6C09D200F8E005 /* Frameworks */,
				BAC47DF11C6C09D200F8E005 /* Resources */,
			);
			buildRules = (
			);
			dependencies = (
			);
			name = ElasticTransistionExample;
			productName = ElasticTransistionExample;
			productReference = BAC47DF31C6C09D200F8E005 /* ElasticTransistionExample.app */;
			productType = "com.apple.product-type.application";
		};
/* End PBXNativeTarget section */

/* Begin PBXProject section */
		BAC47DEB1C6C09D200F8E005 /* Project object */ = {
			isa = PBXProject;
			attributes = {
				LastUpgradeCheck = 0720;
				ORGANIZATIONNAME = "Matteo Tagliafico";
				TargetAttributes = {
					BAC47DF21C6C09D200F8E005 = {
						CreatedOnToolsVersion = 7.2.1;
					};
				};
			};
			buildConfigurationList = BAC47DEE1C6C09D200F8E005 /* Build configuration list for PBXProject "ElasticTransistionExample" */;
			compatibilityVersion = "Xcode 3.2";
			developmentRegion = English;
			hasScannedForEncodings = 0;
			knownRegions = (
				en,
				Base,
			);
			mainGroup = BAC47DEA1C6C09D200F8E005;
			productRefGroup = BAC47DF41C6C09D200F8E005 /* Products */;
			projectDirPath = "";
			projectRoot = "";
			targets = (
				BAC47DF21C6C09D200F8E005 /* ElasticTransistionExample */,
			);
		};
/* End PBXProject section */

/* Begin PBXResourcesBuildPhase section */
		BAC47DF11C6C09D200F8E005 /* Resources */ = {
			isa = PBXResourcesBuildPhase;
			buildActionMask = 2147483647;
			files = (
				BAC47E061C6C09D200F8E005 /* LaunchScreen.storyboard in Resources */,
				BAC47E031C6C09D200F8E005 /* Assets.xcassets in Resources */,
				BAC47E011C6C09D200F8E005 /* Main.storyboard in Resources */,
			);
			runOnlyForDeploymentPostprocessing = 0;
		};
/* End PBXResourcesBuildPhase section */

/* Begin PBXSourcesBuildPhase section */
		BAC47DEF1C6C09D200F8E005 /* Sources */ = {
			isa = PBXSourcesBuildPhase;
			buildActionMask = 2147483647;
			files = (
				BAC47E3E1C6C98F000F8E005 /* EdgePanTransition.m in Sources */,
				BAC47E2C1C6C978700F8E005 /* InitialViewController.m in Sources */,
				BAC47E3B1C6C98BD00F8E005 /* ElasticShapeLayer.m in Sources */,
				BAC47E351C6C97CD00F8E005 /* MenuViewController.m in Sources */,
				BAC47E481C6CA24E00F8E005 /* Edge.m in Sources */,
				BAC47E381C6C97F900F8E005 /* NavigationExampleViewController.m in Sources */,
				BAC47E441C6C999900F8E005 /* ElasticTransition.m in Sources */,
				BAC47DFB1C6C09D200F8E005 /* AppDelegate.m in Sources */,
				BAC47E321C6C97B600F8E005 /* OptionsViewController.m in Sources */,
				BAC47E2F1C6C979600F8E005 /* AboutViewController.m in Sources */,
				BAC47DF81C6C09D200F8E005 /* main.m in Sources */,
			);
			runOnlyForDeploymentPostprocessing = 0;
		};
/* End PBXSourcesBuildPhase section */

/* Begin PBXVariantGroup section */
		BAC47DFF1C6C09D200F8E005 /* Main.storyboard */ = {
			isa = PBXVariantGroup;
			children = (
				BAC47E001C6C09D200F8E005 /* Base */,
			);
			name = Main.storyboard;
			sourceTree = "<group>";
		};
		BAC47E041C6C09D200F8E005 /* LaunchScreen.storyboard */ = {
			isa = PBXVariantGroup;
			children = (
				BAC47E051C6C09D200F8E005 /* Base */,
			);
			name = LaunchScreen.storyboard;
			sourceTree = "<group>";
		};
/* End PBXVariantGroup section */

/* Begin XCBuildConfiguration section */
		BAC47E1E1C6C09D200F8E005 /* Debug */ = {
			isa = XCBuildConfiguration;
			buildSettings = {
				ALWAYS_SEARCH_USER_PATHS = NO;
				CLANG_CXX_LANGUAGE_STANDARD = "gnu++0x";
				CLANG_CXX_LIBRARY = "libc++";
				CLANG_ENABLE_MODULES = YES;
				CLANG_ENABLE_OBJC_ARC = YES;
				CLANG_WARN_BOOL_CONVERSION = YES;
				CLANG_WARN_CONSTANT_CONVERSION = YES;
				CLANG_WARN_DIRECT_OBJC_ISA_USAGE = YES_ERROR;
				CLANG_WARN_EMPTY_BODY = YES;
				CLANG_WARN_ENUM_CONVERSION = YES;
				CLANG_WARN_INT_CONVERSION = YES;
				CLANG_WARN_OBJC_ROOT_CLASS = YES_ERROR;
				CLANG_WARN_UNREACHABLE_CODE = YES;
				CLANG_WARN__DUPLICATE_METHOD_MATCH = YES;
				"CODE_SIGN_IDENTITY[sdk=iphoneos*]" = "iPhone Developer";
				COPY_PHASE_STRIP = NO;
				DEBUG_INFORMATION_FORMAT = dwarf;
				ENABLE_STRICT_OBJC_MSGSEND = YES;
				ENABLE_TESTABILITY = YES;
				GCC_C_LANGUAGE_STANDARD = gnu99;
				GCC_DYNAMIC_NO_PIC = NO;
				GCC_NO_COMMON_BLOCKS = YES;
				GCC_OPTIMIZATION_LEVEL = 0;
				GCC_PREPROCESSOR_DEFINITIONS = (
					"DEBUG=1",
					"$(inherited)",
				);
				GCC_WARN_64_TO_32_BIT_CONVERSION = YES;
				GCC_WARN_ABOUT_RETURN_TYPE = YES_ERROR;
				GCC_WARN_UNDECLARED_SELECTOR = YES;
				GCC_WARN_UNINITIALIZED_AUTOS = YES_AGGRESSIVE;
				GCC_WARN_UNUSED_FUNCTION = YES;
				GCC_WARN_UNUSED_VARIABLE = YES;
				IPHONEOS_DEPLOYMENT_TARGET = 9.2;
				MTL_ENABLE_DEBUG_INFO = YES;
				ONLY_ACTIVE_ARCH = YES;
				SDKROOT = iphoneos;
			};
			name = Debug;
		};
		BAC47E1F1C6C09D200F8E005 /* Release */ = {
			isa = XCBuildConfiguration;
			buildSettings = {
				ALWAYS_SEARCH_USER_PATHS = NO;
				CLANG_CXX_LANGUAGE_STANDARD = "gnu++0x";
				CLANG_CXX_LIBRARY = "libc++";
				CLANG_ENABLE_MODULES = YES;
				CLANG_ENABLE_OBJC_ARC = YES;
				CLANG_WARN_BOOL_CONVERSION = YES;
				CLANG_WARN_CONSTANT_CONVERSION = YES;
				CLANG_WARN_DIRECT_OBJC_ISA_USAGE = YES_ERROR;
				CLANG_WARN_EMPTY_BODY = YES;
				CLANG_WARN_ENUM_CONVERSION = YES;
				CLANG_WARN_INT_CONVERSION = YES;
				CLANG_WARN_OBJC_ROOT_CLASS = YES_ERROR;
				CLANG_WARN_UNREACHABLE_CODE = YES;
				CLANG_WARN__DUPLICATE_METHOD_MATCH = YES;
				"CODE_SIGN_IDENTITY[sdk=iphoneos*]" = "iPhone Developer";
				COPY_PHASE_STRIP = NO;
				DEBUG_INFORMATION_FORMAT = "dwarf-with-dsym";
				ENABLE_NS_ASSERTIONS = NO;
				ENABLE_STRICT_OBJC_MSGSEND = YES;
				GCC_C_LANGUAGE_STANDARD = gnu99;
				GCC_NO_COMMON_BLOCKS = YES;
				GCC_WARN_64_TO_32_BIT_CONVERSION = YES;
				GCC_WARN_ABOUT_RETURN_TYPE = YES_ERROR;
				GCC_WARN_UNDECLARED_SELECTOR = YES;
				GCC_WARN_UNINITIALIZED_AUTOS = YES_AGGRESSIVE;
				GCC_WARN_UNUSED_FUNCTION = YES;
				GCC_WARN_UNUSED_VARIABLE = YES;
				IPHONEOS_DEPLOYMENT_TARGET = 9.2;
				MTL_ENABLE_DEBUG_INFO = NO;
				SDKROOT = iphoneos;
				VALIDATE_PRODUCT = YES;
			};
			name = Release;
		};
		BAC47E211C6C09D200F8E005 /* Debug */ = {
			isa = XCBuildConfiguration;
			buildSettings = {
				ASSETCATALOG_COMPILER_APPICON_NAME = AppIcon;
				INFOPLIST_FILE = ElasticTransistionExample/Info.plist;
				IPHONEOS_DEPLOYMENT_TARGET = 7.0;
				LD_RUNPATH_SEARCH_PATHS = "$(inherited) @executable_path/Frameworks";
				PRODUCT_BUNDLE_IDENTIFIER = tigielle.ElasticTransistionExample;
				PRODUCT_NAME = "$(TARGET_NAME)";
			};
			name = Debug;
		};
		BAC47E221C6C09D200F8E005 /* Release */ = {
			isa = XCBuildConfiguration;
			buildSettings = {
				ASSETCATALOG_COMPILER_APPICON_NAME = AppIcon;
				INFOPLIST_FILE = ElasticTransistionExample/Info.plist;
				IPHONEOS_DEPLOYMENT_TARGET = 7.0;
				LD_RUNPATH_SEARCH_PATHS = "$(inherited) @executable_path/Frameworks";
				PRODUCT_BUNDLE_IDENTIFIER = tigielle.ElasticTransistionExample;
				PRODUCT_NAME = "$(TARGET_NAME)";
			};
			name = Release;
		};
/* End XCBuildConfiguration section */

/* Begin XCConfigurationList section */
		BAC47DEE1C6C09D200F8E005 /* Build configuration list for PBXProject "ElasticTransistionExample" */ = {
			isa = XCConfigurationList;
			buildConfigurations = (
				BAC47E1E1C6C09D200F8E005 /* Debug */,
				BAC47E1F1C6C09D200F8E005 /* Release */,
			);
			defaultConfigurationIsVisible = 0;
			defaultConfigurationName = Release;
		};
		BAC47E201C6C09D200F8E005 /* Build configuration list for PBXNativeTarget "ElasticTransistionExample" */ = {
			isa = XCConfigurationList;
			buildConfigurations = (
				BAC47E211C6C09D200F8E005 /* Debug */,
				BAC47E221C6C09D200F8E005 /* Release */,
			);
			defaultConfigurationIsVisible = 0;
		};
/* End XCConfigurationList section */
	};
	rootObject = BAC47DEB1C6C09D200F8E005 /* Project object */;
}
